  @@ -75,6 +75,14 @@ packages:
       description: flutter
       source: sdk
       version: "0.0.0"
       food_icons:
         dependency: "direct main"
         description:
           name: food_icons
           sha256: "99ecd866b9ac9aa139da1e89ae11069f0e3f20fdcf3e6f15f99505beb316a6c9"
           url: "https://pub.dev"
         source: hosted
         version: "0.0.6"
       js:
         dependency: transitive
         description:
    @@ -107,6 +115,14 @@ packages:
         url: "https://pub.dev"
         source: hosted
         version: "0.2.0"
         material_design_icons_flutter:
           dependency: "direct main"
           description:
             name: material_design_icons_flutter
             sha256: "8ef8562d16e747b2d93e5da5c2508931588939c5c00ebc8e2768e803db7dfd3c"
             url: "https://pub.dev"
           source: hosted
           version: "6.0.7096"
         meta:
           dependency: transitive
           description:
    @@ -186,3 +202,4 @@ packages:
         version: "2.1.4"
  sdks:
    dart: ">=2.19.6 <3.0.0"
    flutter: ">=1.17.0"